lockfileVersion: '9.0'

settings:
  autoInstallPeers: true
  excludeLinksFromLockfile: false

importers:

  .:
    devDependencies:
      '@biomejs/biome':
        specifier: ^2.5.8
        version: 2.5.8

  app:
    dependencies:
      '@noble/hashes':
        specifier: ^2.3.0
        version: 2.3.0
      '@solana/kit':
        specifier: ^7.1.0
        version: 7.1.0(typescript@7.0.2)
      '@solana/kit-plugin-rpc':
        specifier: ^0.16.0
        version: 0.16.0(@solana/kit@7.1.0(typescript@7.0.2))
      '@solana/kit-plugin-signer':
        specifier: ^0.13.0
        version: 0.13.0(@solana/kit@7.1.0(typescript@7.0.2))
    devDependencies:
      '@types/node':
        specifier: ^26.2.0
        version: 26.2.0
      typescript:
        specifier: ^7.0.2
        version: 7.0.2

packages:

  '@biomejs/biome@2.5.8':
    resolution: {integrity: sha512-aeAeeJB9fSDc7Gq+2GqpQxA0qBj6gj1k2R6L1cYqGePKP/baIq1WX8y6B+D+nRsO5ViQL22K/8IwbqERW0q1nw==}
    engines: {node: '>=14.21.3'}
    hasBin: true

  '@biomejs/cli-darwin-arm64@2.5.8':
    resolution: {integrity: sha512-mk1QON9PHllvvLN5gU3f4rMxeh4syK5p9OvKyWH6/W8ueh04uaC8TUXXByhGufWf/y5mQc03ZLM45zU+cmqMjA==}
    engines: {node: '>=14.21.3'}
    cpu: [arm64]
    os: [darwin]

  '@biomejs/cli-darwin-x64@2.5.8':
    resolution: {integrity: sha512-bsGwFMBNyHPyiLSsQcZJxdoRrg1V4JL+d7wEsvUBczlP9U9lwM+7mzQHxI4o1mhBsTmdOBbAb6fHU3Z3snN45w==}
    engines: {node: '>=14.21.3'}
    cpu: [x64]
    os: [darwin]

  '@biomejs/cli-linux-arm64-musl@2.5.8':
    resolution: {integrity: sha512-VcJNbstduTHx83NGAdhp78/JOcP45BZHXL7yNsfI1uGzdUgegAz2s+mSoT7wK6PBNzLoqG0zDOXaz/RQYVtSiw==}
    engines: {node: '>=14.21.3'}
    cpu: [arm64]
    os: [linux]
    libc: [musl]

  '@biomejs/cli-linux-arm64@2.5.8':
    resolution: {integrity: sha512-XmFiA0WPYFC+uiUDC8WRFzAIH9bo7vwQLav38Uoq4ETC+T/+uBi0TsYGJECkugY3r8USl3jc+Ae2/irAF6F2lQ==}
    engines: {node: '>=14.21.3'}
    cpu: [arm64]
    os: [linux]
    libc: [glibc]

  '@biomejs/cli-linux-x64-musl@2.5.8':
    resolution: {integrity: sha512-kKmiyokeISRGq2FLwvr+TzsgBusfxaZ0FZNLcOYOpCK/78tRrEjeEBLvq3xLZMpqbANgJdRPI7vZX8ZL37u9/w==}
    engines: {node: '>=14.21.3'}
    cpu: [x64]
    os: [linux]
    libc: [musl]

  '@biomejs/cli-linux-x64@2.5.8':
    resolution: {integrity: sha512-S5wcm9OBDvLHodD4PUaN488hCpco9QD/9ZxuYJiw4euWtr/oQvLR72z2ixItH8Wd5BCm6FZaeb+YNvOoM1xHtQ==}
    engines: {node: '>=14.21.3'}
    cpu: [x64]
    os: [linux]
    libc: [glibc]

  '@biomejs/cli-win32-arm64@2.5.8':
    resolution: {integrity: sha512-nILH0mzm3Hi3iEdd7o7GpB8kBR/mSQwfQG/tyBqyNrY2GFtcgwfV9nV8xLmbtUpMNY/Oi0Ml1XgfR4flOdq+AA==}
    engines: {node: '>=14.21.3'}
    cpu: [arm64]
    os: [win32]

  '@biomejs/cli-win32-x64@2.5.8':
    resolution: {integrity: sha512-I2czzXTY61f3nFJxXoMDq80t7MivxDEnCjE+8sDKoFfcKMaoQdkqhIFQ3KyY0XLzeSpUBYeNAXgD+iOV/BU0VA==}
    engines: {node: '>=14.21.3'}
    cpu: [x64]
    os: [win32]

  '@noble/hashes@2.3.0':
    resolution: {integrity: sha512-oN+QwyX7VSHotibwubG3kpzbwKrfnyR6OOO+3Nk/53ADL7FmgHHz4TgrbaYKvvOw09u6QTx0oiH1cNCIOuN0CQ==}
    engines: {node: '>= 20.19.0'}

  '@solana/accounts@7.1.0':
    resolution: {integrity: sha512-0Vp2advYsTb7eb0jZveXZJaux6OSYcI3nitwoXOTZzCuzjbIjiHI/bpn3CcqfKBPW/1dnCIWAW7VW1otqH0a1w==}
    engines: {node: '>=20.18.0'}
    peerDependencies:
      typescript: '>=5.4.0'
    peerDependenciesMeta:
      typescript:
        optional: true

  '@solana/addresses@7.1.0':
    resolution: {integrity: sha512-kA/aav0TdyhrXCG6VCGG/fTuGu4ix5UW2PxtsbpBdZcyi+3TznLS1xKzIZBzqn0DL0q6HKdud6Ene7DWZDH1lw==}
    engines: {node: '>=20.18.0'}
    peerDependencies:
      typescript: '>=5.4.0'
    peerDependenciesMeta:
      typescript:
        optional: true

  '@solana/assertions@7.1.0':
    resolution: {integrity: sha512-LD9+fhZb/xBECl27gfxDEX+qyj4PRV6700RJuprJWNMvGd8v0eoO0N+0QwnopK7o7O4w3DaW9/a3jH+iiwEqzw==}
    engines: {node: '>=20.18.0'}
    peerDependencies:
      typescript: '>=5.4.0'
    peerDependenciesMeta:
      typescript:
        optional: true

  '@solana/codecs-core@7.1.0':
    resolution: {integrity: sha512-pl1gCCvviKekrijEDieZ1ps3LjC6ova2pZ/ZBXEJJa46nF7M0hwdZe/KzbMxKQ8WtT/WqW8Uyh6JQt8IJcMgRw==}
    engines: {node: '>=20.18.0'}
    peerDependencies:
      typescript: '>=5.4.0'
    peerDependenciesMeta:
      typescript:
        optional: true

  '@solana/codecs-data-structures@7.1.0':
    resolution: {integrity: sha512-yCwyXCD1qtj0qJwCLQVS9aojKDio7t8kqXQVhLfasYFsckvecK+OObkoILkBXBJVmpOXI8nRYwNAb63+CvJo/g==}
    engines: {node: '>=20.18.0'}
    peerDependencies:
      typescript: '>=5.4.0'
    peerDependenciesMeta:
      typescript:
        optional: true

  '@solana/codecs-numbers@7.1.0':
    resolution: {integrity: sha512-Hfw5OXx7tbSJ4iQ0r1ar6D+7XixkX8K36ni9cHDrunpiTo9SLIE0Lzj9/889aPNv4J4JggW1bpqzcrz3RI/o5g==}
    engines: {node: '>=20.18.0'}
    peerDependencies:
      typescript: '>=5.4.0'
    peerDependenciesMeta:
      typescript:
        optional: true

  '@solana/codecs-strings@7.1.0':
    resolution: {integrity: sha512-YIv/XVDYTzkYiFRdbjK6tI1BUKNlV1ta5hl9oK6+CoCDZn7nECfAN96KPYs94jzbN5VgMgbEqi6tlQcdy5KuCg==}
    engines: {node: '>=20.18.0'}
    peerDependencies:
      fastestsmallesttextencoderdecoder: ^1.0.22
      typescript: '>=5.4.0'
    peerDependenciesMeta:
      fastestsmallesttextencoderdecoder:
        optional: true
      typescript:
        optional: true

  '@solana/codecs@7.1.0':
    resolution: {integrity: sha512-4M1MgIiRX46qMUnrUjVnRnTxETmCZ7VLWddMdf+t6y3aVsMzz8kd9ngH7NloFhHtnAO0n3qJjs2rdgx/Dxd3Zg==}
    engines: {node: '>=20.18.0'}
    peerDependencies:
      typescript: '>=5.4.0'
    peerDependenciesMeta:
      typescript:
        optional: true

  '@solana/errors@7.1.0':
    resolution: {integrity: sha512-sJ0mM6SHN7fa6auHARRAGjjDpkFzhx6jmgHZAjliC/xADMfI2IYrTnAwguRV9dVBOsEHicylIXszvsyRb6BmEw==}
    engines: {node: '>=20.18.0'}
    hasBin: true
    peerDependencies:
      typescript: '>=5.4.0'
    peerDependenciesMeta:
      typescript:
        optional: true

  '@solana/fast-stable-stringify@7.1.0':
    resolution: {integrity: sha512-DV35b2DoqFwQlO7acwi0WG47oLSORGep7/lTkd/VrCB/MdM0J5TggQ0gRqc9v3ORBDQHcOYmMx6ym4Obqd1EFg==}
    engines: {node: '>=20.18.0'}
    peerDependencies:
      typescript: '>=5.4.0'
    peerDependenciesMeta:
      typescript:
        optional: true

  '@solana/fixed-points@7.1.0':
    resolution: {integrity: sha512-xyVO7h8woz53L5dz9pV5akdf/EcluEvtV85cYtca1pp0ZpdcdnGQ2yve3mN/GuOEb+Ixzthrew2p0c5h9w4Bhg==}
    engines: {node: '>=20.18.0'}
    peerDependencies:
      typescript: '>=5.4.0'
    peerDependenciesMeta:
      typescript:
        optional: true

  '@solana/functional@7.1.0':
    resolution: {integrity: sha512-1yfUFHkeMvrD/6yTDu3op3CgWIfr1KAvHo3XQL6yBvz0miEbiQ6tAEZbrwHpudES43sG8ZvlgrkL0Oiu5KwC9g==}
    engines: {node: '>=20.18.0'}
    peerDependencies:
      typescript: '>=5.4.0'
    peerDependenciesMeta:
      typescript:
        optional: true

  '@solana/instruction-plans@7.1.0':
    resolution: {integrity: sha512-Ug7YSchE8Oq8PsaKYlr8IH0woYjmAgi7JdVwd1wtE1pReHvufH63WUsE6B6guqIkQPxiLZL/tmODzKas2zlVtA==}
    engines: {node: '>=20.18.0'}
    peerDependencies:
      typescript: '>=5.4.0'
    peerDependenciesMeta:
      typescript:
        optional: true

  '@solana/instructions@7.1.0':
    resolution: {integrity: sha512-KnXUtSIbKCUjlposzfikAO3qSVliOSoMBzglQYSn3e0x0PpJ2MsVH6tzzI6v124YVhs0OSs5wFwYjENTedPgcg==}
    engines: {node: '>=20.18.0'}
    peerDependencies:
      typescript: '>=5.4.0'
    peerDependenciesMeta:
      typescript:
        optional: true

  '@solana/keys@7.1.0':
    resolution: {integrity: sha512-BGRkTPeBIKPojwVEdYaBXtLMQ0fp8xtQiRxDhOSyYpd1bz52K4bmvrugVtSqfjWLVO+I8SRZGpSZq2G5+DgR1Q==}
    engines: {node: '>=20.18.0'}
    peerDependencies:
      typescript: '>=5.4.0'
    peerDependenciesMeta:
      typescript:
        optional: true

  '@solana/kit-plugin-instruction-plan@0.13.0':
    resolution: {integrity: sha512-9RA94e0LLtVLN+bvGclpu8l0lAXGOGS72DxPIQ1VyGZs7vK/WTwPOqKnWhjJs2Cv/SDJ2xsCAhYkXr0UltVrOg==}
    peerDependencies:
      '@solana/kit': ^7.0.0

  '@solana/kit-plugin-rpc@0.16.0':
    resolution: {integrity: sha512-iMzlXEq7zU5YPN0G24aN+nl7XP7Kp+4cegsL5o8n4pBr6iazsSu0TU+5krK9LNR01vIKrXUw7MvnO+45XWVGUA==}
    peerDependencies:
      '@solana/kit': ^7.0.0

  '@solana/kit-plugin-signer@0.13.0':
    resolution: {integrity: sha512-Vtlyt2Td8WfeQvC30yOU7a+CFo4+loMCSQKUFwvSQvbpKG39S6UyQc1euhcvtwCbJRZR3m5nAZvHayQ1rxeUkA==}
    peerDependencies:
      '@solana/kit': ^7.0.0

  '@solana/kit@7.1.0':
    resolution: {integrity: sha512-UvzQhbn7ITjoBIinGz7rrdPSfkE8/bl+c6TISTLOXiW5hZw16mKOAkK28duP6bJutgQ57L0oJ4HYu5BTzAznOg==}
    engines: {node: '>=20.18.0'}
    peerDependencies:
      typescript: '>=5.4.0'
    peerDependenciesMeta:
      typescript:
        optional: true

  '@solana/nominal-types@7.1.0':
    resolution: {integrity: sha512-oN+gGAqBnGc/iGIq5i4Q/+VFyTqbh0wpLnWTtMbFpXmevrdX3IPPBW5Z76ysZtTtv+M4Ha64kqc2upLJBUGM0A==}
    engines: {node: '>=20.18.0'}
    peerDependencies:
      typescript: '>=5.4.0'
    peerDependenciesMeta:
      typescript:
        optional: true

  '@solana/offchain-messages@7.1.0':
    resolution: {integrity: sha512-nQBqXNLjDvUybc6oRS936gHLGzKwKy9fSlUV4OPo1mLG5V8TcW+jhCc1UOJdmfj0FYDDq5rzqmFTVK4yEu7brw==}
    engines: {node: '>=20.18.0'}
    peerDependencies:
      typescript: '>=5.4.0'
    peerDependenciesMeta:
      typescript:
        optional: true

  '@solana/options@7.1.0':
    resolution: {integrity: sha512-6Z6NYrnDB7qQXE7liHVpf0+5ytJogNw6QGsO8On/csX4f5WGBLxeP0JJQNnkOvuTrBkUMEq6YtTFxp4/Plqx9A==}
    engines: {node: '>=20.18.0'}
    peerDependencies:
      typescript: '>=5.4.0'
    peerDependenciesMeta:
      typescript:
        optional: true

  '@solana/plugin-core@7.1.0':
    resolution: {integrity: sha512-2UhReZOhFoUMcYz+72EDM3UIrrONZBpP8uhofPKNDmKPslDuJHc8q4RRlO1llGgrfV6dMIsk9j8uV4q3DjWu5g==}
    engines: {node: '>=20.18.0'}
    peerDependencies:
      typescript: '>=5.4.0'
    peerDependenciesMeta:
      typescript:
        optional: true

  '@solana/plugin-interfaces@7.1.0':
    resolution: {integrity: sha512-5QXBy1RnbWmHRCIDZRZ0W2lMnWEw65lw9X+geJmiEfbLnTPKZdpYe+5YSClz26RMcp8X2ETovkgp0E8y0Zz0yg==}
    engines: {node: '>=20.18.0'}
    peerDependencies:
      typescript: '>=5.4.0'
    peerDependenciesMeta:
      typescript:
        optional: true

  '@solana/program-client-core@7.1.0':
    resolution: {integrity: sha512-81CmiYVovOElru2E7ZpBg3aAaCOdgEB4FqRatxr3EUKcP8xzsM/gti7sZxmZCd6wyLLAQQokNxpLYBjspC4ZEw==}
    engines: {node: '>=20.18.0'}
    peerDependencies:
      typescript: '>=5.4.0'
    peerDependenciesMeta:
      typescript:
        optional: true

  '@solana/programs@7.1.0':
    resolution: {integrity: sha512-SiHIxX4lbHD36tOFNWyE9T984+yq9X+EOhxg3P2LKDg7nZep9F6L7Qhgw4R+aXF/Zqpy2q8XzO7NYLeT6piQ3g==}
    engines: {node: '>=20.18.0'}
    peerDependencies:
      typescript: '>=5.4.0'
    peerDependenciesMeta:
      typescript:
        optional: true

  '@solana/promises@7.1.0':
    resolution: {integrity: sha512-4I0tTa0Peh9U6cEJUR3Y0VyQneFGA2C8dL+sw00Dtfr/4hVGr03wmjHUq6CcCiH6e7WqNuznNKsqahe3BgrOMg==}
    engines: {node: '>=20.18.0'}
    peerDependencies:
      typescript: '>=5.4.0'
    peerDependenciesMeta:
      typescript:
        optional: true

  '@solana/rpc-api@7.1.0':
    resolution: {integrity: sha512-mluuAalyk5mfdi2lnPLDCPj6RElgZ0DCaNZmQZhnVM0SabvWxpBIzvTYqmy56Z/b9yiycfkVG3h6ISMZMddNuA==}
    engines: {node: '>=20.18.0'}
    peerDependencies:
      typescript: '>=5.4.0'
    peerDependenciesMeta:
      typescript:
        optional: true

  '@solana/rpc-parsed-types@7.1.0':
    resolution: {integrity: sha512-WVHfz/VmqZpPbpyTgqz6W4Yk1rKa7tfjSqa77KbWi+yXDzZ+Oha+bAscXxY/yg/w6auu7/JY5+t7Qd0qIjrGmQ==}
    engines: {node: '>=20.18.0'}
    peerDependencies:
      typescript: '>=5.4.0'
    peerDependenciesMeta:
      typescript:
        optional: true

  '@solana/rpc-spec-types@7.1.0':
    resolution: {integrity: sha512-nEKJARQq8x9YQB/TBptw99bNU9KsmsObu51VleXwTi+PCowHbU7yaNad1lxg81iiX9Z4Lwvvo4c5UdVA4xkYFQ==}
    engines: {node: '>=20.18.0'}
    peerDependencies:
      typescript: '>=5.4.0'
    peerDependenciesMeta:
      typescript:
        optional: true

  '@solana/rpc-spec@7.1.0':
    resolution: {integrity: sha512-vmFN/HNK0bUV+sDPqs7+NV/orY23PByWN82J1Q4PFZKCOCnyFO/A06pd/MCVuPjmcaJ62xFhTcORrit6dTQL3A==}
    engines: {node: '>=20.18.0'}
    peerDependencies:
      typescript: '>=5.4.0'
    peerDependenciesMeta:
      typescript:
        optional: true

  '@solana/rpc-subscriptions-api@7.1.0':
    resolution: {integrity: sha512-lzi8sPWuMyT89/L1ebY+MTzOma/6vsRdFTFcY5pe4pO4Sfi59j4p+HeYUu/NS0E6+/7Ng3BHFeTtuKD6QkhPDg==}
    engines: {node: '>=20.18.0'}
    peerDependencies:
      typescript: '>=5.4.0'
    peerDependenciesMeta:
      typescript:
        optional: true

  '@solana/rpc-subscriptions-channel-websocket@7.1.0':
    resolution: {integrity: sha512-eW0JCgwSM7YV1YKkZN4rtfIGhh5WSJkCf2+JV1wscF6Zn4hK/9kr8MJ0Y0LWtoDMIuX0W3RCJnYG4T/Pcm1v6w==}
    engines: {node: '>=20.18.0'}
    peerDependencies:
      typescript: '>=5.4.0'
    peerDependenciesMeta:
      typescript:
        optional: true

  '@solana/rpc-subscriptions-spec@7.1.0':
    resolution: {integrity: sha512-f+s6qIzUHxUTyoZoOvz2uw8Y6tYyUefLxxJtavMZEDXEjsAQ0Zv+yhmPZ5tQCo1JyHGS6EKvaw9AjxVC68NHDA==}
    engines: {node: '>=20.18.0'}
    peerDependencies:
      typescript: '>=5.4.0'
    peerDependenciesMeta:
      typescript:
        optional: true

  '@solana/rpc-subscriptions@7.1.0':
    resolution: {integrity: sha512-Vjs6d1AagH9r52smhX9zxSwprPKvqsWw8XFmvtGbUNI5lxtX1W4TIukscpXiau7dqe6zH6q6cfs9UtuOgY5sXA==}
    engines: {node: '>=20.18.0'}
    peerDependencies:
      typescript: '>=5.4.0'
    peerDependenciesMeta:
      typescript:
        optional: true

  '@solana/rpc-transformers@7.1.0':
    resolution: {integrity: sha512-3sSO13m25IkkS1mXnWFZYwgSOSturEGFQMIs37vdqgiJFAYJjmossOozE+fqOY0CI1oebyURhm5gM86ATuHDYw==}
    engines: {node: '>=20.18.0'}
    peerDependencies:
      typescript: '>=5.4.0'
    peerDependenciesMeta:
      typescript:
        optional: true

  '@solana/rpc-transport-http@7.1.0':
    resolution: {integrity: sha512-9zT58Ahfhd/sdYNMKvVOmPLpIMsdrZOrJlnuK0nmB+D8KWbqswDUV46H2HGxRFjvGgKep/CtOSx4RM+kt14ezQ==}
    engines: {node: '>=20.18.0'}
    peerDependencies:
      typescript: '>=5.4.0'
    peerDependenciesMeta:
      typescript:
        optional: true

  '@solana/rpc-types@7.1.0':
    resolution: {integrity: sha512-pZO8+EroeRv7kb/d42qQeKHvUmm5tBvH0tXe8Kl2QkqG9+BCZ8NXXd+K7GbYWfVz3XtYmV3W/1B67s1DnzRldQ==}
    engines: {node: '>=20.18.0'}
    peerDependencies:
      typescript: '>=5.4.0'
    peerDependenciesMeta:
      typescript:
        optional: true

  '@solana/rpc@7.1.0':
    resolution: {integrity: sha512-K9PvA39IQ+Z5/GYuDv4xXDPwk1KAPegnMu97b999yH09lBfsWpkHTGCCmNNy7bJAD346IQ/90/KgIbB/YnMEkw==}
    engines: {node: '>=20.18.0'}
    peerDependencies:
      typescript: '>=5.4.0'
    peerDependenciesMeta:
      typescript:
        optional: true

  '@solana/signers@7.1.0':
    resolution: {integrity: sha512-sGGEOhPQLn+M9Y5QF3BgzAh9ECoq+XxIOUhyEpCSoUB725oMerir7lgsuyHvSkANhnoGnVxMhy/3b9wzVIazig==}
    engines: {node: '>=20.18.0'}
    peerDependencies:
      typescript: '>=5.4.0'
    peerDependenciesMeta:
      typescript:
        optional: true

  '@solana/subscribable@7.1.0':
    resolution: {integrity: sha512-8YnZV34WRN/AHP1B2XUlLIkINI9AYGcv1lqc2pFswS4VEL0c4iXyCfCXg9D1FM/obEhlU73h+ZJK4deg8yasgA==}
    engines: {node: '>=20.18.0'}
    peerDependencies:
      typescript: '>=5.4.0'
    peerDependenciesMeta:
      typescript:
        optional: true

  '@solana/sysvars@7.1.0':
    resolution: {integrity: sha512-8UZsIsHS0JcYTy41QK9eewWj34mSkahsgD5TQPk/M69W34ElQOLKLkooj4iwXdnV2tMlNniKMIDoIQUhGCfhZw==}
    engines: {node: '>=20.18.0'}
    peerDependencies:
      typescript: '>=5.4.0'
    peerDependenciesMeta:
      typescript:
        optional: true

  '@solana/transaction-confirmation@7.1.0':
    resolution: {integrity: sha512-IZd2eEvhIdIaIkZAd6ugeTLB1f8pB5iwu+NmSk2vH0FUGVf3wJui8NzZyj/8+5a6Ps2WUa79JIIizVdvIOzV8A==}
    engines: {node: '>=20.18.0'}
    peerDependencies:
      typescript: '>=5.4.0'
    peerDependenciesMeta:
      typescript:
        optional: true

  '@solana/transaction-introspection@7.1.0':
    resolution: {integrity: sha512-AKev/afwQpkTjjNPUsYrZ7lwI76wNiZGy5T5m9FBhVrncg8evMjUHhVrnTvLTLkqMGuVgteR2BH9e2S+igwxPg==}
    engines: {node: '>=20.18.0'}
    peerDependencies:
      typescript: '>=5.4.0'
    peerDependenciesMeta:
      typescript:
        optional: true

  '@solana/transaction-messages@7.1.0':
    resolution: {integrity: sha512-5JKj7mCppHBzJQF67n5YVaPR3nLNe5+sbgJcSbD2woyR7pdUhjNYyzG2HFeWDghbROpQzy9Dy7Km9iTjw3ry5A==}
    engines: {node: '>=20.18.0'}
    peerDependencies:
      typescript: '>=5.4.0'
    peerDependenciesMeta:
      typescript:
        optional: true

  '@solana/transactions@7.1.0':
    resolution: {integrity: sha512-J/31jUwrbmJkk4vHnyenbF8iz2dHnhTW0HEzOp86YzVHbm171g5ujL1mmOP4nh8r/UA6xH4QbEJ4kTrID6cN5w==}
    engines: {node: '>=20.18.0'}
    peerDependencies:
      typescript: '>=5.4.0'
    peerDependenciesMeta:
      typescript:
        optional: true

  '@types/node@26.2.0':
    resolution: {integrity: sha512-5IviulTZeRNp2vAJ514cc/HUlY5nZ9fCbq9DMyC52BrhFZACo3nI0R7qBxhQmo/d27NFe96ur/b7Wwxklda+kg==}

  '@typescript/typescript-aix-ppc64@7.0.2':
    resolution: {integrity: sha512-MTKKkWB7p/0E9xi1d1tHtZ5PiLkGEMIq88pK2CubZjOsLtYTLqhgIgi6zepFa+9GHZ6h05NMCkQxGKiPXMxXtQ==}
    engines: {node: '>=16.20.0'}
    cpu: [ppc64]
    os: [aix]

  '@typescript/typescript-darwin-arm64@7.0.2':
    resolution: {integrity: sha512-gowzar9MwS/aRWp6f3a4KUqzRjAZjOsmGNCM6LcTgXum+dBfgsBVMN+AgvOCCbguXyick6LJhpBszxMebJ8syA==}
    engines: {node: '>=16.20.0'}
    cpu: [arm64]
    os: [darwin]

  '@typescript/typescript-darwin-x64@7.0.2':
    resolution: {integrity: sha512-SZ9xZInqApNlNGc9s0W1VSsktYSOe9cFqNOIqmN1Gs8SmkjKZYFt017G4VwPxASInODuAdbTW7sXiFUf893RgA==}
    engines: {node: '>=16.20.0'}
    cpu: [x64]
    os: [darwin]

  '@typescript/typescript-freebsd-arm64@7.0.2':
    resolution: {integrity: sha512-W5NH4y/J0plIIS5b2xvTEkU7JFxyqdMAOgf+Ilhl0vHQXKO5dZoxd+C/jEtq56c4F3wk71RB4BMRQ2XdI+bwYQ==}
    engines: {node: '>=16.20.0'}
    cpu: [arm64]
    os: [freebsd]

  '@typescript/typescript-freebsd-x64@7.0.2':
    resolution: {integrity: sha512-UMGDx5sTpzNw3WiPebH7l90IWfJggEd+egHt/q6p7/Cm3zqoV7VxkGXt+3DxPIw8CcmvAB0j3sVVfbhX+M4Tpw==}
    engines: {node: '>=16.20.0'}
    cpu: [x64]
    os: [freebsd]

  '@typescript/typescript-linux-arm64@7.0.2':
    resolution: {integrity: sha512-Qh4eU4/y3yDjnfjjyPYihMj5/ODIlmt+Bzu17OI+fiSRDW57QmU5SiN63exPRNJPKUzcc1INa1NXdrJ+MqHjUQ==}
    engines: {node: '>=16.20.0'}
    cpu: [arm64]
    os: [linux]

  '@typescript/typescript-linux-arm@7.0.2':
    resolution: {integrity: sha512-gffT3xPz9sR7j/YJExkyPntrI0P2EP9XbOyWzth2/Gs0RstK+90RBcO0ncXoXy/beYll1SXw846Nf2zdnEz0QQ==}
    engines: {node: '>=16.20.0'}
    cpu: [arm]
    os: [linux]

  '@typescript/typescript-linux-loong64@7.0.2':
    resolution: {integrity: sha512-uEHck9i8hoAzXPiYRib1O7miOnz23SxIeVl6F4LXox+qov1K35jHcEW6VHKvZI+pyvl7fZEP4MCU5LYvIq1GuQ==}
    engines: {node: '>=16.20.0'}
    cpu: [loong64]
    os: [linux]

  '@typescript/typescript-linux-mips64el@7.0.2':
    resolution: {integrity: sha512-R4KvAMnE43W5Qeqb0Ly56O3mWMWIAgsMyz36DCaycd5nbg/9kzm0liw3JocfRqyJY0KPmzFjbswozXyW0DnIYA==}
    engines: {node: '>=16.20.0'}
    cpu: [mips64el]
    os: [linux]

  '@typescript/typescript-linux-ppc64@7.0.2':
    resolution: {integrity: sha512-DORx5b3sd/4S7eayxm4FQv+A7CrkUIGRaHiwI8oiHTAI1fAPWhF4J0vAlkC8biAlHSVVwxMQ3tjZ2/DVbnQiiA==}
    engines: {node: '>=16.20.0'}
    cpu: [ppc64]
    os: [linux]

  '@typescript/typescript-linux-riscv64@7.0.2':
    resolution: {integrity: sha512-wf0jqEDOjrPRnKwYRyyJDRo11KMbvMFrU+q4zqKyChODBzvlkbhNQfKvLxQCcwTpdDaXSHZTVuh0JoCrKCUMHQ==}
    engines: {node: '>=16.20.0'}
    cpu: [riscv64]
    os: [linux]

  '@typescript/typescript-linux-s390x@7.0.2':
    resolution: {integrity: sha512-IkwJc3L7yhytWd/ewjyxNDfOmswCm9GWMJT/ue/dU4aZNbwZeYAetq42VyLmsmSjvoX7z74X6ZaYCtzAr0EuGw==}
    engines: {node: '>=16.20.0'}
    cpu: [s390x]
    os: [linux]

  '@typescript/typescript-linux-x64@7.0.2':
    resolution: {integrity: sha512-EYdf2cNg7rgCWJnxCdJ+F3V39O8ihb37eHAu1LK8oAFizgTQbPOK7zHHXbPt8rX24COqODXeI3sIf0fCXG7H/A==}
    engines: {node: '>=16.20.0'}
    cpu: [x64]
    os: [linux]

  '@typescript/typescript-netbsd-arm64@7.0.2':
    resolution: {integrity: sha512-+polYF4MF04aPpO5FTkHran9yUQDSXqy5GiSDKpsll5jy3l3+g9QLhpf39T+ePtefhXLOGrLl0QIjkQP6VnelA==}
    engines: {node: '>=16.20.0'}
    cpu: [arm64]
    os: [netbsd]

  '@typescript/typescript-netbsd-x64@7.0.2':
    resolution: {integrity: sha512-8YIT0EHM/3dq10ZOVF/A7pc/YSMtbcecct4rWtexrnSCHOPcpC2KTLXfTCR6vDpnSiY12heNb1GiN/wu+T/FyA==}
    engines: {node: '>=16.20.0'}
    cpu: [x64]
    os: [netbsd]

  '@typescript/typescript-openbsd-arm64@7.0.2':
    resolution: {integrity: sha512-APT8+ClYnuYm1u9+kgGXoMj2VzWzcymwh2gNSQVySHfkRDGOTVkoWLjCmOQSaO+PoqQ57B0flRp9SA+7GnnkzQ==}
    engines: {node: '>=16.20.0'}
    cpu: [arm64]
    os: [openbsd]

  '@typescript/typescript-openbsd-x64@7.0.2':
    resolution: {integrity: sha512-yX7s+Q0Dln0Dt9tEzZsAjXXR/+ytBM7AlglaqyeMPxQszJ1JhlJdZ6jLA+IzldHtflX81em7lDao1xXu+aRRkg==}
    engines: {node: '>=16.20.0'}
    cpu: [x64]
    os: [openbsd]

  '@typescript/typescript-sunos-x64@7.0.2':
    resolution: {integrity: sha512-dLJDGaLZ1D4HPQn62u1n8mBDkJREwMsAkCdkwd4Ieqw+x3TUyTsqY0YiBCtE6H6OzzgGk3iuZ3vFWRS+E8/d1g==}
    engines: {node: '>=16.20.0'}
    cpu: [x64]
    os: [sunos]

  '@typescript/typescript-win32-arm64@7.0.2':
    resolution: {integrity: sha512-Gyl1Vy6OsWesLzmq+EP0Fb7b4Nid5232AvcA2SFcdYreldpNtYFFofPjnt62y9hQy7VTaZp65ICJjuAQRaVcIQ==}
    engines: {node: '>=16.20.0'}
    cpu: [arm64]
    os: [win32]

  '@typescript/typescript-win32-x64@7.0.2':
    resolution: {integrity: sha512-0BQ3HkAHHlKLSp1qRvf3SUhGpGsDuhB/jgFw75guyqbxJqEaS0Cw/VFO8i2nHglJUzQCRtMMR/IBAKE3ETMC4g==}
    engines: {node: '>=16.20.0'}
    cpu: [x64]
    os: [win32]

  chalk@5.6.2:
    resolution: {integrity: sha512-7NzBL0rN6fMUW+f7A6Io4h40qQlG+xGmtMxfbnH/K7TAtt8JQWVQK+6g0UXKMeVJoyV5EkkNsErQ8pVD3bLHbA==}
    engines: {node: ^12.17.0 || ^14.13 || >=16.0.0}

  commander@15.0.0:
    resolution: {integrity: sha512-z67u4ZhzCL/Tydu1lJARtEZYWbWaN7oYLHbsuzocr6y4N6WZAagG3RQ4FW61V1/0+jImpj293XfrcYnd1qxtPg==}
    engines: {node: '>=22.12.0'}

  typescript@7.0.2:
    resolution: {integrity: sha512-8FYau96o3NKOhbjKi/qNvG/W5jhzxkbdm5sj9AbZ/5T5sWqn3hJgLfGx27sRKZWTvyzCP8dLRBTf5tBTSRVUNA==}
    engines: {node: '>=16.20.0'}
    hasBin: true

  undici-types@8.10.0:
    resolution: {integrity: sha512-ibvdovq3nCFs8Msrd95BW+zUOq+aOVbT+wpHUoPWhztbHEoPc6oof51iFDB6Es8lTKvNvVW9jNSAB8dwrKTMGg==}

  undici-types@8.3.0:
    resolution: {integrity: sha512-j375ScV60dom+YkPFIfTLcOiPxkN/buHz5GobjLhixFuANaNs3C9l4GmrWqejgXWJ7BbJcFYpTEUkS1Ge8bpZQ==}

  ws@8.21.3:
    resolution: {integrity: sha512-201TZ/kPWxoPr/OKWjquZR1SWKXcvxdH+e1xrx89b3YbmzLMFCLfnaG1HFIgWzJOEWZ7MvpK++odZufgYR50Rw==}
    engines: {node: '>=10.0.0'}
    peerDependencies:
      bufferutil: ^4.0.1
      utf-8-validate: '>=5.0.2'
    peerDependenciesMeta:
      bufferutil:
        optional: true
      utf-8-validate:
        optional: true

snapshots:

  '@biomejs/biome@2.5.8':
    optionalDependencies:
      '@biomejs/cli-darwin-arm64': 2.5.8
      '@biomejs/cli-darwin-x64': 2.5.8
      '@biomejs/cli-linux-arm64': 2.5.8
      '@biomejs/cli-linux-arm64-musl': 2.5.8
      '@biomejs/cli-linux-x64': 2.5.8
      '@biomejs/cli-linux-x64-musl': 2.5.8
      '@biomejs/cli-win32-arm64': 2.5.8
      '@biomejs/cli-win32-x64': 2.5.8

  '@biomejs/cli-darwin-arm64@2.5.8':
    optional: true

  '@biomejs/cli-darwin-x64@2.5.8':
    optional: true

  '@biomejs/cli-linux-arm64-musl@2.5.8':
    optional: true

  '@biomejs/cli-linux-arm64@2.5.8':
    optional: true

  '@biomejs/cli-linux-x64-musl@2.5.8':
    optional: true

  '@biomejs/cli-linux-x64@2.5.8':
    optional: true

  '@biomejs/cli-win32-arm64@2.5.8':
    optional: true

  '@biomejs/cli-win32-x64@2.5.8':
    optional: true

  '@noble/hashes@2.3.0': {}

  '@solana/accounts@7.1.0(typescript@7.0.2)':
    dependencies:
      '@solana/addresses': 7.1.0(typescript@7.0.2)
      '@solana/codecs-core': 7.1.0(typescript@7.0.2)
      '@solana/codecs-strings': 7.1.0(typescript@7.0.2)
      '@solana/errors': 7.1.0(typescript@7.0.2)
      '@solana/rpc-spec': 7.1.0(typescript@7.0.2)
      '@solana/rpc-types': 7.1.0(typescript@7.0.2)
    optionalDependencies:
      typescript: 7.0.2
    transitivePeerDependencies:
      - fastestsmallesttextencoderdecoder

  '@solana/addresses@7.1.0(typescript@7.0.2)':
    dependencies:
      '@solana/assertions': 7.1.0(typescript@7.0.2)
      '@solana/codecs-core': 7.1.0(typescript@7.0.2)
      '@solana/codecs-strings': 7.1.0(typescript@7.0.2)
      '@solana/errors': 7.1.0(typescript@7.0.2)
      '@solana/nominal-types': 7.1.0(typescript@7.0.2)
    optionalDependencies:
      typescript: 7.0.2
    transitivePeerDependencies:
      - fastestsmallesttextencoderdecoder

  '@solana/assertions@7.1.0(typescript@7.0.2)':
    dependencies:
      '@solana/errors': 7.1.0(typescript@7.0.2)
    optionalDependencies:
      typescript: 7.0.2

  '@solana/codecs-core@7.1.0(typescript@7.0.2)':
    dependencies:
      '@solana/errors': 7.1.0(typescript@7.0.2)
    optionalDependencies:
      typescript: 7.0.2

  '@solana/codecs-data-structures@7.1.0(typescript@7.0.2)':
    dependencies:
      '@solana/codecs-core': 7.1.0(typescript@7.0.2)
      '@solana/codecs-numbers': 7.1.0(typescript@7.0.2)
      '@solana/errors': 7.1.0(typescript@7.0.2)
    optionalDependencies:
      typescript: 7.0.2

  '@solana/codecs-numbers@7.1.0(typescript@7.0.2)':
    dependencies:
      '@solana/codecs-core': 7.1.0(typescript@7.0.2)
      '@solana/errors': 7.1.0(typescript@7.0.2)
    optionalDependencies:
      typescript: 7.0.2

  '@solana/codecs-strings@7.1.0(typescript@7.0.2)':
    dependencies:
      '@solana/codecs-core': 7.1.0(typescript@7.0.2)
      '@solana/codecs-numbers': 7.1.0(typescript@7.0.2)
      '@solana/errors': 7.1.0(typescript@7.0.2)
    optionalDependencies:
      typescript: 7.0.2

  '@solana/codecs@7.1.0(typescript@7.0.2)':
    dependencies:
      '@solana/codecs-core': 7.1.0(typescript@7.0.2)
      '@solana/codecs-data-structures': 7.1.0(typescript@7.0.2)
      '@solana/codecs-numbers': 7.1.0(typescript@7.0.2)
      '@solana/codecs-strings': 7.1.0(typescript@7.0.2)
      '@solana/fixed-points': 7.1.0(typescript@7.0.2)
      '@solana/options': 7.1.0(typescript@7.0.2)
    optionalDependencies:
      typescript: 7.0.2
    transitivePeerDependencies:
      - fastestsmallesttextencoderdecoder

  '@solana/errors@7.1.0(typescript@7.0.2)':
    dependencies:
      chalk: 5.6.2
      commander: 15.0.0
    optionalDependencies:
      typescript: 7.0.2

  '@solana/fast-stable-stringify@7.1.0(typescript@7.0.2)':
    optionalDependencies:
      typescript: 7.0.2

  '@solana/fixed-points@7.1.0(typescript@7.0.2)':
    dependencies:
      '@solana/codecs-core': 7.1.0(typescript@7.0.2)
      '@solana/errors': 7.1.0(typescript@7.0.2)
    optionalDependencies:
      typescript: 7.0.2

  '@solana/functional@7.1.0(typescript@7.0.2)':
    optionalDependencies:
      typescript: 7.0.2

  '@solana/instruction-plans@7.1.0(typescript@7.0.2)':
    dependencies:
      '@solana/errors': 7.1.0(typescript@7.0.2)
      '@solana/instructions': 7.1.0(typescript@7.0.2)
      '@solana/keys': 7.1.0(typescript@7.0.2)
      '@solana/promises': 7.1.0(typescript@7.0.2)
      '@solana/transaction-messages': 7.1.0(typescript@7.0.2)
      '@solana/transactions': 7.1.0(typescript@7.0.2)
    optionalDependencies:
      typescript: 7.0.2
    transitivePeerDependencies:
      - fastestsmallesttextencoderdecoder

  '@solana/instructions@7.1.0(typescript@7.0.2)':
    dependencies:
      '@solana/codecs-core': 7.1.0(typescript@7.0.2)
      '@solana/errors': 7.1.0(typescript@7.0.2)
    optionalDependencies:
      typescript: 7.0.2

  '@solana/keys@7.1.0(typescript@7.0.2)':
    dependencies:
      '@solana/assertions': 7.1.0(typescript@7.0.2)
      '@solana/codecs-core': 7.1.0(typescript@7.0.2)
      '@solana/codecs-strings': 7.1.0(typescript@7.0.2)
      '@solana/errors': 7.1.0(typescript@7.0.2)
      '@solana/nominal-types': 7.1.0(typescript@7.0.2)
      '@solana/promises': 7.1.0(typescript@7.0.2)
    optionalDependencies:
      typescript: 7.0.2
    transitivePeerDependencies:
      - fastestsmallesttextencoderdecoder

  '@solana/kit-plugin-instruction-plan@0.13.0(@solana/kit@7.1.0(typescript@7.0.2))':
    dependencies:
      '@solana/kit': 7.1.0(typescript@7.0.2)

  '@solana/kit-plugin-rpc@0.16.0(@solana/kit@7.1.0(typescript@7.0.2))':
    dependencies:
      '@solana/kit': 7.1.0(typescript@7.0.2)
      '@solana/kit-plugin-instruction-plan': 0.13.0(@solana/kit@7.1.0(typescript@7.0.2))

  '@solana/kit-plugin-signer@0.13.0(@solana/kit@7.1.0(typescript@7.0.2))':
    dependencies:
      '@solana/kit': 7.1.0(typescript@7.0.2)

  '@solana/kit@7.1.0(typescript@7.0.2)':
    dependencies:
      '@solana/accounts': 7.1.0(typescript@7.0.2)
      '@solana/addresses': 7.1.0(typescript@7.0.2)
      '@solana/codecs': 7.1.0(typescript@7.0.2)
      '@solana/errors': 7.1.0(typescript@7.0.2)
      '@solana/functional': 7.1.0(typescript@7.0.2)
      '@solana/instruction-plans': 7.1.0(typescript@7.0.2)
      '@solana/instructions': 7.1.0(typescript@7.0.2)
      '@solana/keys': 7.1.0(typescript@7.0.2)
      '@solana/offchain-messages': 7.1.0(typescript@7.0.2)
      '@solana/plugin-core': 7.1.0(typescript@7.0.2)
      '@solana/plugin-interfaces': 7.1.0(typescript@7.0.2)
      '@solana/program-client-core': 7.1.0(typescript@7.0.2)
      '@solana/programs': 7.1.0(typescript@7.0.2)
      '@solana/promises': 7.1.0(typescript@7.0.2)
      '@solana/rpc': 7.1.0(typescript@7.0.2)
      '@solana/rpc-api': 7.1.0(typescript@7.0.2)
      '@solana/rpc-parsed-types': 7.1.0(typescript@7.0.2)
      '@solana/rpc-spec-types': 7.1.0(typescript@7.0.2)
      '@solana/rpc-subscriptions': 7.1.0(typescript@7.0.2)
      '@solana/rpc-types': 7.1.0(typescript@7.0.2)
      '@solana/signers': 7.1.0(typescript@7.0.2)
      '@solana/subscribable': 7.1.0(typescript@7.0.2)
      '@solana/sysvars': 7.1.0(typescript@7.0.2)
      '@solana/transaction-confirmation': 7.1.0(typescript@7.0.2)
      '@solana/transaction-introspection': 7.1.0(typescript@7.0.2)
      '@solana/transaction-messages': 7.1.0(typescript@7.0.2)
      '@solana/transactions': 7.1.0(typescript@7.0.2)
    optionalDependencies:
      typescript: 7.0.2
    transitivePeerDependencies:
      - bufferutil
      - fastestsmallesttextencoderdecoder
      - utf-8-validate

  '@solana/nominal-types@7.1.0(typescript@7.0.2)':
    optionalDependencies:
      typescript: 7.0.2

  '@solana/offchain-messages@7.1.0(typescript@7.0.2)':
    dependencies:
      '@solana/addresses': 7.1.0(typescript@7.0.2)
      '@solana/codecs-core': 7.1.0(typescript@7.0.2)
      '@solana/codecs-data-structures': 7.1.0(typescript@7.0.2)
      '@solana/codecs-numbers': 7.1.0(typescript@7.0.2)
      '@solana/codecs-strings': 7.1.0(typescript@7.0.2)
      '@solana/errors': 7.1.0(typescript@7.0.2)
      '@solana/keys': 7.1.0(typescript@7.0.2)
      '@solana/nominal-types': 7.1.0(typescript@7.0.2)
    optionalDependencies:
      typescript: 7.0.2
    transitivePeerDependencies:
      - fastestsmallesttextencoderdecoder

  '@solana/options@7.1.0(typescript@7.0.2)':
    dependencies:
      '@solana/codecs-core': 7.1.0(typescript@7.0.2)
      '@solana/codecs-data-structures': 7.1.0(typescript@7.0.2)
      '@solana/codecs-numbers': 7.1.0(typescript@7.0.2)
      '@solana/codecs-strings': 7.1.0(typescript@7.0.2)
      '@solana/errors': 7.1.0(typescript@7.0.2)
    optionalDependencies:
      typescript: 7.0.2
    transitivePeerDependencies:
      - fastestsmallesttextencoderdecoder

  '@solana/plugin-core@7.1.0(typescript@7.0.2)':
    optionalDependencies:
      typescript: 7.0.2

  '@solana/plugin-interfaces@7.1.0(typescript@7.0.2)':
    dependencies:
      '@solana/accounts': 7.1.0(typescript@7.0.2)
      '@solana/addresses': 7.1.0(typescript@7.0.2)
      '@solana/instruction-plans': 7.1.0(typescript@7.0.2)
      '@solana/keys': 7.1.0(typescript@7.0.2)
      '@solana/rpc-spec': 7.1.0(typescript@7.0.2)
      '@solana/rpc-subscriptions-spec': 7.1.0(typescript@7.0.2)
      '@solana/rpc-types': 7.1.0(typescript@7.0.2)
      '@solana/signers': 7.1.0(typescript@7.0.2)
    optionalDependencies:
      typescript: 7.0.2
    transitivePeerDependencies:
      - fastestsmallesttextencoderdecoder

  '@solana/program-client-core@7.1.0(typescript@7.0.2)':
    dependencies:
      '@solana/accounts': 7.1.0(typescript@7.0.2)
      '@solana/addresses': 7.1.0(typescript@7.0.2)
      '@solana/codecs-core': 7.1.0(typescript@7.0.2)
      '@solana/errors': 7.1.0(typescript@7.0.2)
      '@solana/instruction-plans': 7.1.0(typescript@7.0.2)
      '@solana/instructions': 7.1.0(typescript@7.0.2)
      '@solana/plugin-interfaces': 7.1.0(typescript@7.0.2)
      '@solana/rpc-api': 7.1.0(typescript@7.0.2)
      '@solana/signers': 7.1.0(typescript@7.0.2)
    optionalDependencies:
      typescript: 7.0.2
    transitivePeerDependencies:
      - fastestsmallesttextencoderdecoder

  '@solana/programs@7.1.0(typescript@7.0.2)':
    dependencies:
      '@solana/addresses': 7.1.0(typescript@7.0.2)
      '@solana/errors': 7.1.0(typescript@7.0.2)
    optionalDependencies:
      typescript: 7.0.2
    transitivePeerDependencies:
      - fastestsmallesttextencoderdecoder

  '@solana/promises@7.1.0(typescript@7.0.2)':
    optionalDependencies:
      typescript: 7.0.2

  '@solana/rpc-api@7.1.0(typescript@7.0.2)':
    dependencies:
      '@solana/addresses': 7.1.0(typescript@7.0.2)
      '@solana/codecs-core': 7.1.0(typescript@7.0.2)
      '@solana/codecs-strings': 7.1.0(typescript@7.0.2)
      '@solana/errors': 7.1.0(typescript@7.0.2)
      '@solana/keys': 7.1.0(typescript@7.0.2)
      '@solana/rpc-parsed-types': 7.1.0(typescript@7.0.2)
      '@solana/rpc-spec': 7.1.0(typescript@7.0.2)
      '@solana/rpc-transformers': 7.1.0(typescript@7.0.2)
      '@solana/rpc-types': 7.1.0(typescript@7.0.2)
      '@solana/transaction-messages': 7.1.0(typescript@7.0.2)
      '@solana/transactions': 7.1.0(typescript@7.0.2)
    optionalDependencies:
      typescript: 7.0.2
    transitivePeerDependencies:
      - fastestsmallesttextencoderdecoder

  '@solana/rpc-parsed-types@7.1.0(typescript@7.0.2)':
    optionalDependencies:
      typescript: 7.0.2

  '@solana/rpc-spec-types@7.1.0(typescript@7.0.2)':
    dependencies:
      '@solana/errors': 7.1.0(typescript@7.0.2)
    optionalDependencies:
      typescript: 7.0.2

  '@solana/rpc-spec@7.1.0(typescript@7.0.2)':
    dependencies:
      '@solana/errors': 7.1.0(typescript@7.0.2)
      '@solana/rpc-spec-types': 7.1.0(typescript@7.0.2)
      '@solana/subscribable': 7.1.0(typescript@7.0.2)
    optionalDependencies:
      typescript: 7.0.2

  '@solana/rpc-subscriptions-api@7.1.0(typescript@7.0.2)':
    dependencies:
      '@solana/addresses': 7.1.0(typescript@7.0.2)
      '@solana/keys': 7.1.0(typescript@7.0.2)
      '@solana/rpc-subscriptions-spec': 7.1.0(typescript@7.0.2)
      '@solana/rpc-transformers': 7.1.0(typescript@7.0.2)
      '@solana/rpc-types': 7.1.0(typescript@7.0.2)
      '@solana/transaction-messages': 7.1.0(typescript@7.0.2)
      '@solana/transactions': 7.1.0(typescript@7.0.2)
    optionalDependencies:
      typescript: 7.0.2
    transitivePeerDependencies:
      - fastestsmallesttextencoderdecoder

  '@solana/rpc-subscriptions-channel-websocket@7.1.0(typescript@7.0.2)':
    dependencies:
      '@solana/errors': 7.1.0(typescript@7.0.2)
      '@solana/functional': 7.1.0(typescript@7.0.2)
      '@solana/rpc-subscriptions-spec': 7.1.0(typescript@7.0.2)
      '@solana/subscribable': 7.1.0(typescript@7.0.2)
      ws: 8.21.3
    optionalDependencies:
      typescript: 7.0.2
    transitivePeerDependencies:
      - bufferutil
      - utf-8-validate

  '@solana/rpc-subscriptions-spec@7.1.0(typescript@7.0.2)':
    dependencies:
      '@solana/errors': 7.1.0(typescript@7.0.2)
      '@solana/promises': 7.1.0(typescript@7.0.2)
      '@solana/rpc-spec-types': 7.1.0(typescript@7.0.2)
      '@solana/subscribable': 7.1.0(typescript@7.0.2)
    optionalDependencies:
      typescript: 7.0.2

  '@solana/rpc-subscriptions@7.1.0(typescript@7.0.2)':
    dependencies:
      '@solana/errors': 7.1.0(typescript@7.0.2)
      '@solana/fast-stable-stringify': 7.1.0(typescript@7.0.2)
      '@solana/functional': 7.1.0(typescript@7.0.2)
      '@solana/promises': 7.1.0(typescript@7.0.2)
      '@solana/rpc-spec-types': 7.1.0(typescript@7.0.2)
      '@solana/rpc-subscriptions-api': 7.1.0(typescript@7.0.2)
      '@solana/rpc-subscriptions-channel-websocket': 7.1.0(typescript@7.0.2)
      '@solana/rpc-subscriptions-spec': 7.1.0(typescript@7.0.2)
      '@solana/rpc-transformers': 7.1.0(typescript@7.0.2)
      '@solana/rpc-types': 7.1.0(typescript@7.0.2)
      '@solana/subscribable': 7.1.0(typescript@7.0.2)
    optionalDependencies:
      typescript: 7.0.2
    transitivePeerDependencies:
      - bufferutil
      - fastestsmallesttextencoderdecoder
      - utf-8-validate

  '@solana/rpc-transformers@7.1.0(typescript@7.0.2)':
    dependencies:
      '@solana/errors': 7.1.0(typescript@7.0.2)
      '@solana/functional': 7.1.0(typescript@7.0.2)
      '@solana/nominal-types': 7.1.0(typescript@7.0.2)
      '@solana/rpc-spec-types': 7.1.0(typescript@7.0.2)
      '@solana/rpc-types': 7.1.0(typescript@7.0.2)
    optionalDependencies:
      typescript: 7.0.2
    transitivePeerDependencies:
      - fastestsmallesttextencoderdecoder

  '@solana/rpc-transport-http@7.1.0(typescript@7.0.2)':
    dependencies:
      '@solana/errors': 7.1.0(typescript@7.0.2)
      '@solana/rpc-spec': 7.1.0(typescript@7.0.2)
      '@solana/rpc-spec-types': 7.1.0(typescript@7.0.2)
      undici-types: 8.10.0
    optionalDependencies:
      typescript: 7.0.2

  '@solana/rpc-types@7.1.0(typescript@7.0.2)':
    dependencies:
      '@solana/addresses': 7.1.0(typescript@7.0.2)
      '@solana/codecs-core': 7.1.0(typescript@7.0.2)
      '@solana/codecs-numbers': 7.1.0(typescript@7.0.2)
      '@solana/codecs-strings': 7.1.0(typescript@7.0.2)
      '@solana/errors': 7.1.0(typescript@7.0.2)
      '@solana/fixed-points': 7.1.0(typescript@7.0.2)
      '@solana/nominal-types': 7.1.0(typescript@7.0.2)
    optionalDependencies:
      typescript: 7.0.2
    transitivePeerDependencies:
      - fastestsmallesttextencoderdecoder

  '@solana/rpc@7.1.0(typescript@7.0.2)':
    dependencies:
      '@solana/errors': 7.1.0(typescript@7.0.2)
      '@solana/fast-stable-stringify': 7.1.0(typescript@7.0.2)
      '@solana/functional': 7.1.0(typescript@7.0.2)
      '@solana/rpc-api': 7.1.0(typescript@7.0.2)
      '@solana/rpc-spec': 7.1.0(typescript@7.0.2)
      '@solana/rpc-spec-types': 7.1.0(typescript@7.0.2)
      '@solana/rpc-transformers': 7.1.0(typescript@7.0.2)
      '@solana/rpc-transport-http': 7.1.0(typescript@7.0.2)
      '@solana/rpc-types': 7.1.0(typescript@7.0.2)
    optionalDependencies:
      typescript: 7.0.2
    transitivePeerDependencies:
      - fastestsmallesttextencoderdecoder

  '@solana/signers@7.1.0(typescript@7.0.2)':
    dependencies:
      '@solana/addresses': 7.1.0(typescript@7.0.2)
      '@solana/codecs-core': 7.1.0(typescript@7.0.2)
      '@solana/errors': 7.1.0(typescript@7.0.2)
      '@solana/instructions': 7.1.0(typescript@7.0.2)
      '@solana/keys': 7.1.0(typescript@7.0.2)
      '@solana/nominal-types': 7.1.0(typescript@7.0.2)
      '@solana/offchain-messages': 7.1.0(typescript@7.0.2)
      '@solana/transaction-messages': 7.1.0(typescript@7.0.2)
      '@solana/transactions': 7.1.0(typescript@7.0.2)
    optionalDependencies:
      typescript: 7.0.2
    transitivePeerDependencies:
      - fastestsmallesttextencoderdecoder

  '@solana/subscribable@7.1.0(typescript@7.0.2)':
    dependencies:
      '@solana/errors': 7.1.0(typescript@7.0.2)
      '@solana/promises': 7.1.0(typescript@7.0.2)
    optionalDependencies:
      typescript: 7.0.2

  '@solana/sysvars@7.1.0(typescript@7.0.2)':
    dependencies:
      '@solana/accounts': 7.1.0(typescript@7.0.2)
      '@solana/codecs-core': 7.1.0(typescript@7.0.2)
      '@solana/codecs-data-structures': 7.1.0(typescript@7.0.2)
      '@solana/codecs-numbers': 7.1.0(typescript@7.0.2)
      '@solana/errors': 7.1.0(typescript@7.0.2)
      '@solana/rpc-types': 7.1.0(typescript@7.0.2)
    optionalDependencies:
      typescript: 7.0.2
    transitivePeerDependencies:
      - fastestsmallesttextencoderdecoder

  '@solana/transaction-confirmation@7.1.0(typescript@7.0.2)':
    dependencies:
      '@solana/addresses': 7.1.0(typescript@7.0.2)
      '@solana/codecs-strings': 7.1.0(typescript@7.0.2)
      '@solana/errors': 7.1.0(typescript@7.0.2)
      '@solana/keys': 7.1.0(typescript@7.0.2)
      '@solana/promises': 7.1.0(typescript@7.0.2)
      '@solana/rpc': 7.1.0(typescript@7.0.2)
      '@solana/rpc-subscriptions': 7.1.0(typescript@7.0.2)
      '@solana/rpc-types': 7.1.0(typescript@7.0.2)
      '@solana/transaction-messages': 7.1.0(typescript@7.0.2)
      '@solana/transactions': 7.1.0(typescript@7.0.2)
    optionalDependencies:
      typescript: 7.0.2
    transitivePeerDependencies:
      - bufferutil
      - fastestsmallesttextencoderdecoder
      - utf-8-validate

  '@solana/transaction-introspection@7.1.0(typescript@7.0.2)':
    dependencies:
      '@solana/addresses': 7.1.0(typescript@7.0.2)
      '@solana/codecs-core': 7.1.0(typescript@7.0.2)
      '@solana/codecs-strings': 7.1.0(typescript@7.0.2)
      '@solana/errors': 7.1.0(typescript@7.0.2)
      '@solana/instructions': 7.1.0(typescript@7.0.2)
      '@solana/rpc-types': 7.1.0(typescript@7.0.2)
      '@solana/transaction-messages': 7.1.0(typescript@7.0.2)
      '@solana/transactions': 7.1.0(typescript@7.0.2)
    optionalDependencies:
      typescript: 7.0.2
    transitivePeerDependencies:
      - fastestsmallesttextencoderdecoder

  '@solana/transaction-messages@7.1.0(typescript@7.0.2)':
    dependencies:
      '@solana/addresses': 7.1.0(typescript@7.0.2)
      '@solana/codecs-core': 7.1.0(typescript@7.0.2)
      '@solana/codecs-data-structures': 7.1.0(typescript@7.0.2)
      '@solana/codecs-numbers': 7.1.0(typescript@7.0.2)
      '@solana/errors': 7.1.0(typescript@7.0.2)
      '@solana/functional': 7.1.0(typescript@7.0.2)
      '@solana/instructions': 7.1.0(typescript@7.0.2)
      '@solana/nominal-types': 7.1.0(typescript@7.0.2)
      '@solana/rpc-types': 7.1.0(typescript@7.0.2)
    optionalDependencies:
      typescript: 7.0.2
    transitivePeerDependencies:
      - fastestsmallesttextencoderdecoder

  '@solana/transactions@7.1.0(typescript@7.0.2)':
    dependencies:
      '@solana/addresses': 7.1.0(typescript@7.0.2)
      '@solana/codecs-core': 7.1.0(typescript@7.0.2)
      '@solana/codecs-data-structures': 7.1.0(typescript@7.0.2)
      '@solana/codecs-numbers': 7.1.0(typescript@7.0.2)
      '@solana/codecs-strings': 7.1.0(typescript@7.0.2)
      '@solana/errors': 7.1.0(typescript@7.0.2)
      '@solana/functional': 7.1.0(typescript@7.0.2)
      '@solana/instructions': 7.1.0(typescript@7.0.2)
      '@solana/keys': 7.1.0(typescript@7.0.2)
      '@solana/nominal-types': 7.1.0(typescript@7.0.2)
      '@solana/rpc-types': 7.1.0(typescript@7.0.2)
      '@solana/transaction-messages': 7.1.0(typescript@7.0.2)
    optionalDependencies:
      typescript: 7.0.2
    transitivePeerDependencies:
      - fastestsmallesttextencoderdecoder

  '@types/node@26.2.0':
    dependencies:
      undici-types: 8.3.0

  '@typescript/typescript-aix-ppc64@7.0.2':
    optional: true

  '@typescript/typescript-darwin-arm64@7.0.2':
    optional: true

  '@typescript/typescript-darwin-x64@7.0.2':
    optional: true

  '@typescript/typescript-freebsd-arm64@7.0.2':
    optional: true

  '@typescript/typescript-freebsd-x64@7.0.2':
    optional: true

  '@typescript/typescript-linux-arm64@7.0.2':
    optional: true

  '@typescript/typescript-linux-arm@7.0.2':
    optional: true

  '@typescript/typescript-linux-loong64@7.0.2':
    optional: true

  '@typescript/typescript-linux-mips64el@7.0.2':
    optional: true

  '@typescript/typescript-linux-ppc64@7.0.2':
    optional: true

  '@typescript/typescript-linux-riscv64@7.0.2':
    optional: true

  '@typescript/typescript-linux-s390x@7.0.2':
    optional: true

  '@typescript/typescript-linux-x64@7.0.2':
    optional: true

  '@typescript/typescript-netbsd-arm64@7.0.2':
    optional: true

  '@typescript/typescript-netbsd-x64@7.0.2':
    optional: true

  '@typescript/typescript-openbsd-arm64@7.0.2':
    optional: true

  '@typescript/typescript-openbsd-x64@7.0.2':
    optional: true

  '@typescript/typescript-sunos-x64@7.0.2':
    optional: true

  '@typescript/typescript-win32-arm64@7.0.2':
    optional: true

  '@typescript/typescript-win32-x64@7.0.2':
    optional: true

  chalk@5.6.2: {}

  commander@15.0.0: {}

  typescript@7.0.2:
    optionalDependencies:
      '@typescript/typescript-aix-ppc64': 7.0.2
      '@typescript/typescript-darwin-arm64': 7.0.2
      '@typescript/typescript-darwin-x64': 7.0.2
      '@typescript/typescript-freebsd-arm64': 7.0.2
      '@typescript/typescript-freebsd-x64': 7.0.2
      '@typescript/typescript-linux-arm': 7.0.2
      '@typescript/typescript-linux-arm64': 7.0.2
      '@typescript/typescript-linux-loong64': 7.0.2
      '@typescript/typescript-linux-mips64el': 7.0.2
      '@typescript/typescript-linux-ppc64': 7.0.2
      '@typescript/typescript-linux-riscv64': 7.0.2
      '@typescript/typescript-linux-s390x': 7.0.2
      '@typescript/typescript-linux-x64': 7.0.2
      '@typescript/typescript-netbsd-arm64': 7.0.2
      '@typescript/typescript-netbsd-x64': 7.0.2
      '@typescript/typescript-openbsd-arm64': 7.0.2
      '@typescript/typescript-openbsd-x64': 7.0.2
      '@typescript/typescript-sunos-x64': 7.0.2
      '@typescript/typescript-win32-arm64': 7.0.2
      '@typescript/typescript-win32-x64': 7.0.2

  undici-types@8.10.0: {}

  undici-types@8.3.0: {}

  ws@8.21.3: {}
